
Microsoft Visual Studio Solution File, Format Version 12.00
# Visual Studio Version 17
VisualStudioVersion = 17.7.34221.43
MinimumVisualStudioVersion = 10.0.40219.1
Project("{FAE04EC0-301F-11D3-BF4B-00C04F79EFBC}") = "TaskClass", "TaskClass\TaskClass.csproj", "{F4F3E8C8-C1D5-4384-96AE-D2726962FB3C}"
EndProject
Global
	GlobalSection(SolutionConfigurationPlatforms) = preSolution
		Debug|Any CPU = Debug|Any CPU
		Release|Any CPU = Release|Any CPU
	EndGlobalSection
	GlobalSection(ProjectConfigurationPlatforms) = postSolution
		{F4F3E8C8-C1D5-4384-96AE-D2726962FB3C}.Debug|Any CPU.ActiveCfg = Debug|Any CPU
		{F4F3E8C8-C1D5-4384-96AE-D2726962FB3C}.Debug|Any CPU.Build.0 = Debug|Any CPU
		{F4F3E8C8-C1D5-4384-96AE-D2726962FB3C}.Release|Any CPU.ActiveCfg = Release|Any CPU
		{F4F3E8C8-C1D5-4384-96AE-D2726962FB3C}.Release|Any CPU.Build.0 = Release|Any CPU
	EndGlobalSection
	GlobalSection(SolutionProperties) = preSolution
		HideSolutionNode = FALSE
	EndGlobalSection
	GlobalSection(ExtensibilityGlobals) = postSolution
		SolutionGuid = {5FD98ABC-23C5-42CF-9461-C3F6D4006084}
	EndGlobalSection
EndGlobal
